Microsoft Visual Studio Solution File, Format Version 8.00
Project("{8BC9CEB8-8B4A-11D0-8D11-00A0C91BC942}") = "JulianDataFormatter", "JulianDataFormatter.vcproj", "{C77FC0B6-FD61-47BF-A497-FC39660D949E}"
	ProjectSection(ProjectDependencies) = postProject
	EndProjectSection
EndProject
Global
	GlobalSection(SolutionConfiguration) = preSolution
		Debug = Debug
		Release = Release
	EndGlobalSection
	GlobalSection(ProjectConfiguration) = postSolution
		{C77FC0B6-FD61-47BF-A497-FC39660D949E}.Debug.ActiveCfg = Debug|Win32
		{C77FC0B6-FD61-47BF-A497-FC39660D949E}.Debug.Build.0 = Debug|Win32
		{C77FC0B6-FD61-47BF-A497-FC39660D949E}.Release.ActiveCfg = Release|Win32
		{C77FC0B6-FD61-47BF-A497-FC39660D949E}.Release.Build.0 = Release|Win32
	EndGlobalSection
	GlobalSection(ExtensibilityGlobals) = postSolution
	EndGlobalSection
	GlobalSection(ExtensibilityAddIns) = postSolution
	EndGlobalSection
EndGlobal
